// !$*UTF8*$!
{
	archiveVersion = 1;
	classes = {
	};
	objectVersion = 77;
	objects = {

/* Begin PBXContainerItemProxy section */
		AAFAB0A42F237F3900B78EA6 /* PBXContainerItemProxy */ = {
			isa = PBXContainerItemProxy;
			containerPortal = AAFAB08E2F237F3800B78EA6 /* Project object */;
			proxyType = 1;
			remoteGlobalIDString = AAFAB0952F237F3800B78EA6;
			remoteInfo = WebViewUserAgentTest;
		};
		AAFAB0AE2F237F3900B78EA6 /* PBXContainerItemProxy */ = {
			isa = PBXContainerItemProxy;
			containerPortal = AAFAB08E2F237F3800B78EA6 /* Project object */;
			proxyType = 1;
			remoteGlobalIDString = AAFAB0952F237F3800B78EA6;
			remoteInfo = WebViewUserAgentTest;
		};
/* End PBXContainerItemProxy section */

/* Begin PBXFileReference section */
		AAFAB0962F237F3800B78EA6 /* WebViewUserAgentTest.app */ = {isa = PBXFileReference; explicitFileType = wrapper.application; includeInIndex = 0; path = WebViewUserAgentTest.app; sourceTree = BUILT_PRODUCTS_DIR; };
		AAFAB0A32F237F3900B78EA6 /* WebViewUserAgentTestTests.xctest */ = {isa = PBXFileReference; explicitFileType = wrapper.cfbundle; includeInIndex = 0; path = WebViewUserAgentTestTests.xctest; sourceTree = BUILT_PRODUCTS_DIR; };
		AAFAB0AD2F237F3900B78EA6 /* WebViewUserAgentTestUITests.xctest */ = {isa = PBXFileReference; explicitFileType = wrapper.cfbundle; includeInIndex = 0; path = WebViewUserAgentTestUITests.xctest; sourceTree = BUILT_PRODUCTS_DIR; };
/* End PBXFileReference section */

/* Begin PBXFileSystemSynchronizedRootGroup section */
		AAFAB0982F237F3800B78EA6 /* WebViewUserAgentTest */ = {
			isa = PBXFileSystemSynchronizedRootGroup;
			path = WebViewUserAgentTest;
			sourceTree = "<group>";
		};
		AAFAB0A62F237F3900B78EA6 /* WebViewUserAgentTestTests */ = {
			isa = PBXFileSystemSynchronizedRootGroup;
			path = WebViewUserAgentTestTests;
			sourceTree = "<group>";
		};
		AAFAB0B02F237F3900B78EA6 /* WebViewUserAgentTestUITests */ = {
			isa = PBXFileSystemSynchronizedRootGroup;
			path = WebViewUserAgentTestUITests;
			sourceTree = "<group>";
		};
/* End PBXFileSystemSynchronizedRootGroup section */

/* Begin PBXFrameworksBuildPhase section */
		AAFAB0932F237F3800B78EA6 /* Frameworks */ = {
			isa = PBXFrameworksBuildPhase;
			buildActionMask = 2147483647;
			files = (
			);
			runOnlyForDeploymentPostprocessing = 0;
		};
		AAFAB0A02F237F3900B78EA6 /* Frameworks */ = {
			isa = PBXFrameworksBuildPhase;
			buildActionMask = 2147483647;
			files = (
			);
			runOnlyForDeploymentPostprocessing = 0;
		};
		AAFAB0AA2F237F3900B78EA6 /* Frameworks */ = {
			isa = PBXFrameworksBuildPhase;
			buildActionMask = 2147483647;
			files = (
			);
			runOnlyForDeploymentPostprocessing = 0;
		};
/* End PBXFrameworksBuildPhase section */

/* Begin PBXGroup section */
		AAFAB08D2F237F3800B78EA6 = {
			isa = PBXGroup;
			children = (
				AAFAB0982F237F3800B78EA6 /* WebViewUserAgentTest */,
				AAFAB0A62F237F3900B78EA6 /* WebViewUserAgentTestTests */,
				AAFAB0B02F237F3900B78EA6 /* WebViewUserAgentTestUITests */,
				AAFAB0972F237F3800B78EA6 /* Products */,
			);
			sourceTree = "<group>";
		};
		AAFAB0972F237F3800B78EA6 /* Products */ = {
			isa = PBXGroup;
			children = (
				AAFAB0962F237F3800B78EA6 /* WebViewUserAgentTest.app */,
				AAFAB0A32F237F3900B78EA6 /* WebViewUserAgentTestTests.xctest */,
				AAFAB0AD2F237F3900B78EA6 /* WebViewUserAgentTestUITests.xctest */,
			);
			name = Products;
			sourceTree = "<group>";
		};
/* End PBXGroup section */

/* Begin PBXNativeTarget section */
		AAFAB0952F237F3800B78EA6 /* WebViewUserAgentTest */ = {
			isa = PBXNativeTarget;
			buildConfigurationList = AAFAB0B72F237F3900B78EA6 /* Build configuration list for PBXNativeTarget "WebViewUserAgentTest" */;
			buildPhases = (
				AAFAB0922F237F3800B78EA6 /* Sources */,
				AAFAB0932F237F3800B78EA6 /* Frameworks */,
				AAFAB0942F237F3800B78EA6 /* Resources */,
			);
			buildRules = (
			);
			dependencies = (
			);
			fileSystemSynchronizedGroups = (
				AAFAB0982F237F3800B78EA6 /* WebViewUserAgentTest */,
			);
			name = WebViewUserAgentTest;
			packageProductDependencies = (
			);
			productName = WebViewUserAgentTest;
			productReference = AAFAB0962F237F3800B78EA6 /* WebViewUserAgentTest.app */;
			productType = "com.apple.product-type.application";
		};
		AAFAB0A22F237F3900B78EA6 /* WebViewUserAgentTestTests */ = {
			isa = PBXNativeTarget;
			buildConfigurationList = AAFAB0BA2F237F3900B78EA6 /* Build configuration list for PBXNativeTarget "WebViewUserAgentTestTests" */;
			buildPhases = (
				AAFAB09F2F237F3900B78EA6 /* Sources */,
				AAFAB0A02F237F3900B78EA6 /* Frameworks */,
				AAFAB0A12F237F3900B78EA6 /* Resources */,
			);
			buildRules = (
			);
			dependencies = (
				AAFAB0A52F237F3900B78EA6 /* PBXTargetDependency */,
			);
			fileSystemSynchronizedGroups = (
				AAFAB0A62F237F3900B78EA6 /* WebViewUserAgentTestTests */,
			);
			name = WebViewUserAgentTestTests;
			packageProductDependencies = (
			);
			productName = WebViewUserAgentTestTests;
			productReference = AAFAB0A32F237F3900B78EA6 /* WebViewUserAgentTestTests.xctest */;
			productType = "com.apple.product-type.bundle.unit-test";
		};
		AAFAB0AC2F237F3900B78EA6 /* WebViewUserAgentTestUITests */ = {
			isa = PBXNativeTarget;
			buildConfigurationList = AAFAB0BD2F237F3900B78EA6 /* Build configuration list for PBXNativeTarget "WebViewUserAgentTestUITests" */;
			buildPhases = (
				AAFAB0A92F237F3900B78EA6 /* Sources */,
				AAFAB0AA2F237F3900B78EA6 /* Frameworks */,
				AAFAB0AB2F237F3900B78EA6 /* Resources */,
			);
			buildRules = (
			);
			dependencies = (
				AAFAB0AF2F237F3900B78EA6 /* PBXTargetDependency */,
			);
			fileSystemSynchronizedGroups = (
				AAFAB0B02F237F3900B78EA6 /* WebViewUserAgentTestUITests */,
			);
			name = WebViewUserAgentTestUITests;
			packageProductDependencies = (
			);
			productName = WebViewUserAgentTestUITests;
			productReference = AAFAB0AD2F237F3900B78EA6 /* WebViewUserAgentTestUITests.xctest */;
			productType = "com.apple.product-type.bundle.ui-testing";
		};
/* End PBXNativeTarget section */

/* Begin PBXProject section */
		AAFAB08E2F237F3800B78EA6 /* Project object */ = {
			isa = PBXProject;
			attributes = {
				BuildIndependentTargetsInParallel = 1;
				LastSwiftUpdateCheck = 1640;
				LastUpgradeCheck = 1640;
				TargetAttributes = {
					AAFAB0952F237F3800B78EA6 = {
						CreatedOnToolsVersion = 16.4;
					};
					AAFAB0A22F237F3900B78EA6 = {
						CreatedOnToolsVersion = 16.4;
						TestTargetID = AAFAB0952F237F3800B78EA6;
					};
					AAFAB0AC2F237F3900B78EA6 = {
						CreatedOnToolsVersion = 16.4;
						TestTargetID = AAFAB0952F237F3800B78EA6;
					};
				};
			};
			buildConfigurationList = AAFAB0912F237F3800B78EA6 /* Build configuration list for PBXProject "WebViewUserAgentTest" */;
			developmentRegion = en;
			hasScannedForEncodings = 0;
			knownRegions = (
				en,
				Base,
			);
			mainGroup = AAFAB08D2F237F3800B78EA6;
			minimizedProjectReferenceProxies = 1;
			preferredProjectObjectVersion = 77;
			productRefGroup = AAFAB0972F237F3800B78EA6 /* Products */;
			projectDirPath = "";
			projectRoot = "";
			targets = (
				AAFAB0952F237F3800B78EA6 /* WebViewUserAgentTest */,
				AAFAB0A22F237F3900B78EA6 /* WebViewUserAgentTestTests */,
				AAFAB0AC2F237F3900B78EA6 /* WebViewUserAgentTestUITests */,
			);
		};
/* End PBXProject section */

/* Begin PBXResourcesBuildPhase section */
		AAFAB0942F237F3800B78EA6 /* Resources */ = {
			isa = PBXResourcesBuildPhase;
			buildActionMask = 2147483647;
			files = (
			);
			runOnlyForDeploymentPostprocessing = 0;
		};
		AAFAB0A12F237F3900B78EA6 /* Resources */ = {
			isa = PBXResourcesBuildPhase;
			buildActionMask = 2147483647;
			files = (
			);
			runOnlyForDeploymentPostprocessing = 0;
		};
		AAFAB0AB2F237F3900B78EA6 /* Resources */ = {
			isa = PBXResourcesBuildPhase;
			buildActionMask = 2147483647;
			files = (
			);
			runOnlyForDeploymentPostprocessing = 0;
		};
/* End PBXResourcesBuildPhase section */

/* Begin PBXSourcesBuildPhase section */
		AAFAB0922F237F3800B78EA6 /* Sources */ = {
			isa = PBXSourcesBuildPhase;
			buildActionMask = 2147483647;
			files = (
			);
			runOnlyForDeploymentPostprocessing = 0;
		};
		AAFAB09F2F237F3900B78EA6 /* Sources */ = {
			isa = PBXSourcesBuildPhase;
			buildActionMask = 2147483647;
			files = (
			);
			runOnlyForDeploymentPostprocessing = 0;
		};
		AAFAB0A92F237F3900B78EA6 /* Sources */ = {
			isa = PBXSourcesBuildPhase;
			buildActionMask = 2147483647;
			files = (
			);
			runOnlyForDeploymentPostprocessing = 0;
		};
/* End PBXSourcesBuildPhase section */

/* Begin PBXTargetDependency section */
		AAFAB0A52F237F3900B78EA6 /* PBXTargetDependency */ = {
			isa = PBXTargetDependency;
			target = AAFAB0952F237F3800B78EA6 /* WebViewUserAgentTest */;
			targetProxy = AAFAB0A42F237F3900B78EA6 /* PBXContainerItemProxy */;
		};
		AAFAB0AF2F237F3900B78EA6 /* PBXTargetDependency */ = {
			isa = PBXTargetDependency;
			target = AAFAB0952F237F3800B78EA6 /* WebViewUserAgentTest */;
			targetProxy = AAFAB0AE2F237F3900B78EA6 /* PBXContainerItemProxy */;
		};
/* End PBXTargetDependency section */

/* Begin XCBuildConfiguration section */
		AAFAB0B52F237F3900B78EA6 /* Debug */ = {
			isa = XCBuildConfiguration;
			buildSettings = {
				ALWAYS_SEARCH_USER_PATHS = NO;
				ASSETCATALOG_COMPILER_GENERATE_SWIFT_ASSET_SYMBOL_EXTENSIONS = YES;
				CLANG_ANALYZER_NONNULL = YES;
				CLANG_ANALYZER_NUMBER_OBJECT_CONVERSION = YES_AGGRESSIVE;
				CLANG_CXX_LANGUAGE_STANDARD = "gnu++20";
				CLANG_ENABLE_MODULES = YES;
				CLANG_ENABLE_OBJC_ARC = YES;
				CLANG_ENABLE_OBJC_WEAK = YES;
				CLANG_WARN_BLOCK_CAPTURE_AUTORELEASING = YES;
				CLANG_WARN_BOOL_CONVERSION = YES;
				CLANG_WARN_COMMA = YES;
				CLANG_WARN_CONSTANT_CONVERSION = YES;
				CLANG_WARN_DEPRECATED_OBJC_IMPLEMENTATIONS = YES;
				CLANG_WARN_DIRECT_OBJC_ISA_USAGE = YES_ERROR;
				CLANG_WARN_DOCUMENTATION_COMMENTS = YES;
				CLANG_WARN_EMPTY_BODY = YES;
				CLANG_WARN_ENUM_CONVERSION = YES;
				CLANG_WARN_INFINITE_RECURSION = YES;
				CLANG_WARN_INT_CONVERSION = YES;
				CLANG_WARN_NON_LITERAL_NULL_CONVERSION = YES;
				CLANG_WARN_OBJC_IMPLICIT_RETAIN_SELF = YES;
				CLANG_WARN_OBJC_LITERAL_CONVERSION = YES;
				CLANG_WARN_OBJC_ROOT_CLASS = YES_ERROR;
				CLANG_WARN_QUOTED_INCLUDE_IN_FRAMEWORK_HEADER = YES;
				CLANG_WARN_RANGE_LOOP_ANALYSIS = YES;
				CLANG_WARN_STRICT_PROTOTYPES = YES;
				CLANG_WARN_SUSPICIOUS_MOVE = YES;
				CLANG_WARN_UNGUARDED_AVAILABILITY = YES_AGGRESSIVE;
				CLANG_WARN_UNREACHABLE_CODE = YES;
				CLANG_WARN__DUPLICATE_METHOD_MATCH = YES;
				COPY_PHASE_STRIP = NO;
				DEBUG_INFORMATION_FORMAT = dwarf;
				DEVELOPMENT_TEAM = W4R68936MK;
				ENABLE_STRICT_OBJC_MSGSEND = YES;
				ENABLE_TESTABILITY = YES;
				ENABLE_USER_SCRIPT_SANDBOXING = YES;
				GCC_C_LANGUAGE_STANDARD = gnu17;
				GCC_DYNAMIC_NO_PIC = NO;
				GCC_NO_COMMON_BLOCKS = YES;
				GCC_OPTIMIZATION_LEVEL = 0;
				GCC_PREPROCESSOR_DEFINITIONS = (
					"DEBUG=1",
					"$(inherited)",
				);
				GCC_WARN_64_TO_32_BIT_CONVERSION = YES;
				GCC_WARN_ABOUT_RETURN_TYPE = YES_ERROR;
				GCC_WARN_UNDECLARED_SELECTOR = YES;
				GCC_WARN_UNINITIALIZED_AUTOS = YES_AGGRESSIVE;
				GCC_WARN_UNUSED_FUNCTION = YES;
				GCC_WARN_UNUSED_VARIABLE = YES;
				IPHONEOS_DEPLOYMENT_TARGET = 18.5;
				LOCALIZATION_PREFERS_STRING_CATALOGS = YES;
				MTL_ENABLE_DEBUG_INFO = INCLUDE_SOURCE;
				MTL_FAST_MATH = YES;
				ONLY_ACTIVE_ARCH = YES;
				SDKROOT = iphoneos;
				SWIFT_ACTIVE_COMPILATION_CONDITIONS = "DEBUG $(inherited)";
				SWIFT_OPTIMIZATION_LEVEL = "-Onone";
			};
			name = Debug;
		};
		AAFAB0B62F237F3900B78EA6 /* Release */ = {
			isa = XCBuildConfiguration;
			buildSettings = {
				ALWAYS_SEARCH_USER_PATHS = NO;
				ASSETCATALOG_COMPILER_GENERATE_SWIFT_ASSET_SYMBOL_EXTENSIONS = YES;
				CLANG_ANALYZER_NONNULL = YES;
				CLANG_ANALYZER_NUMBER_OBJECT_CONVERSION = YES_AGGRESSIVE;
				CLANG_CXX_LANGUAGE_STANDARD = "gnu++20";
				CLANG_ENABLE_MODULES = YES;
				CLANG_ENABLE_OBJC_ARC = YES;
				CLANG_ENABLE_OBJC_WEAK = YES;
				CLANG_WARN_BLOCK_CAPTURE_AUTORELEASING = YES;
				CLANG_WARN_BOOL_CONVERSION = YES;
				CLANG_WARN_COMMA = YES;
				CLANG_WARN_CONSTANT_CONVERSION = YES;
				CLANG_WARN_DEPRECATED_OBJC_IMPLEMENTATIONS = YES;
				CLANG_WARN_DIRECT_OBJC_ISA_USAGE = YES_ERROR;
				CLANG_WARN_DOCUMENTATION_COMMENTS = YES;
				CLANG_WARN_EMPTY_BODY = YES;
				CLANG_WARN_ENUM_CONVERSION = YES;
				CLANG_WARN_INFINITE_RECURSION = YES;
				CLANG_WARN_INT_CONVERSION = YES;
				CLANG_WARN_NON_LITERAL_NULL_CONVERSION = YES;
				CLANG_WARN_OBJC_IMPLICIT_RETAIN_SELF = YES;
				CLANG_WARN_OBJC_LITERAL_CONVERSION = YES;
				CLANG_WARN_OBJC_ROOT_CLASS = YES_ERROR;
				CLANG_WARN_QUOTED_INCLUDE_IN_FRAMEWORK_HEADER = YES;
				CLANG_WARN_RANGE_LOOP_ANALYSIS = YES;
				CLANG_WARN_STRICT_PROTOTYPES = YES;
				CLANG_WARN_SUSPICIOUS_MOVE = YES;
				CLANG_WARN_UNGUARDED_AVAILABILITY = YES_AGGRESSIVE;
				CLANG_WARN_UNREACHABLE_CODE = YES;
				CLANG_WARN__DUPLICATE_METHOD_MATCH = YES;
				COPY_PHASE_STRIP = NO;
				DEBUG_INFORMATION_FORMAT = "dwarf-with-dsym";
				DEVELOPMENT_TEAM = W4R68936MK;
				ENABLE_NS_ASSERTIONS = NO;
				ENABLE_STRICT_OBJC_MSGSEND = YES;
				ENABLE_USER_SCRIPT_SANDBOXING = YES;
				GCC_C_LANGUAGE_STANDARD = gnu17;
				GCC_NO_COMMON_BLOCKS = YES;
				GCC_WARN_64_TO_32_BIT_CONVERSION = YES;
				GCC_WARN_ABOUT_RETURN_TYPE = YES_ERROR;
				GCC_WARN_UNDECLARED_SELECTOR = YES;
				GCC_WARN_UNINITIALIZED_AUTOS = YES_AGGRESSIVE;
				GCC_WARN_UNUSED_FUNCTION = YES;
				GCC_WARN_UNUSED_VARIABLE = YES;
				IPHONEOS_DEPLOYMENT_TARGET = 18.5;
				LOCALIZATION_PREFERS_STRING_CATALOGS = YES;
				MTL_ENABLE_DEBUG_INFO = NO;
				MTL_FAST_MATH = YES;
				SDKROOT = iphoneos;
				SWIFT_COMPILATION_MODE = wholemodule;
				VALIDATE_PRODUCT = YES;
			};
			name = Release;
		};
		AAFAB0B82F237F3900B78EA6 /* Debug */ = {
			isa = XCBuildConfiguration;
			buildSettings = {
				ASSETCATALOG_COMPILER_APPICON_NAME = AppIcon;
				ASSETCATALOG_COMPILER_GLOBAL_ACCENT_COLOR_NAME = AccentColor;
				CODE_SIGN_STYLE = Automatic;
				CURRENT_PROJECT_VERSION = 1;
				DEVELOPMENT_TEAM = W4R68936MK;
				ENABLE_PREVIEWS = YES;
				GENERATE_INFOPLIST_FILE = YES;
				INFOPLIST_KEY_UIApplicationSceneManifest_Generation = YES;
				INFOPLIST_KEY_UIApplicationSupportsIndirectInputEvents = YES;
				INFOPLIST_KEY_UILaunchScreen_Generation = YES;
				INFOPLIST_KEY_UISupportedInterfaceOrientations_iPad = "UIInterfaceOrientationPortrait UIInterfaceOrientationPortraitUpsideDown UIInterfaceOrientationLandscapeLeft UIInterfaceOrientationLandscapeRight";
				INFOPLIST_KEY_UISupportedInterfaceOrientations_iPhone = "UIInterfaceOrientationPortrait UIInterfaceOrientationLandscapeLeft UIInterfaceOrientationLandscapeRight";
				IPHONEOS_DEPLOYMENT_TARGET = 17.6;
				LD_RUNPATH_SEARCH_PATHS = (
					"$(inherited)",
					"@executable_path/Frameworks",
				);
				MARKETING_VERSION = 1.0;
				PRODUCT_BUNDLE_IDENTIFIER = cilla.WebViewUserAgentTest;
				PRODUCT_NAME = "$(TARGET_NAME)";
				SWIFT_EMIT_LOC_STRINGS = YES;
				SWIFT_VERSION = 5.0;
				TARGETED_DEVICE_FAMILY = "1,2";
			};
			name = Debug;
		};
		AAFAB0B92F237F3900B78EA6 /* Release */ = {
			isa = XCBuildConfiguration;
			buildSettings = {
				ASSETCATALOG_COMPILER_APPICON_NAME = AppIcon;
				ASSETCATALOG_COMPILER_GLOBAL_ACCENT_COLOR_NAME = AccentColor;
				CODE_SIGN_STYLE = Automatic;
				CURRENT_PROJECT_VERSION = 1;
				DEVELOPMENT_TEAM = W4R68936MK;
				ENABLE_PREVIEWS = YES;
				GENERATE_INFOPLIST_FILE = YES;
				INFOPLIST_KEY_UIApplicationSceneManifest_Generation = YES;
				INFOPLIST_KEY_UIApplicationSupportsIndirectInputEvents = YES;
				INFOPLIST_KEY_UILaunchScreen_Generation = YES;
				INFOPLIST_KEY_UISupportedInterfaceOrientations_iPad = "UIInterfaceOrientationPortrait UIInterfaceOrientationPortraitUpsideDown UIInterfaceOrientationLandscapeLeft UIInterfaceOrientationLandscapeRight";
				INFOPLIST_KEY_UISupportedInterfaceOrientations_iPhone = "UIInterfaceOrientationPortrait UIInterfaceOrientationLandscapeLeft UIInterfaceOrientationLandscapeRight";
				IPHONEOS_DEPLOYMENT_TARGET = 17.6;
				LD_RUNPATH_SEARCH_PATHS = (
					"$(inherited)",
					"@executable_path/Frameworks",
				);
				MARKETING_VERSION = 1.0;
				PRODUCT_BUNDLE_IDENTIFIER = cilla.WebViewUserAgentTest;
				PRODUCT_NAME = "$(TARGET_NAME)";
				SWIFT_EMIT_LOC_STRINGS = YES;
				SWIFT_VERSION = 5.0;
				TARGETED_DEVICE_FAMILY = "1,2";
			};
			name = Release;
		};
		AAFAB0BB2F237F3900B78EA6 /* Debug */ = {
			isa = XCBuildConfiguration;
			buildSettings = {
				BUNDLE_LOADER = "$(TEST_HOST)";
				CODE_SIGN_STYLE = Automatic;
				CURRENT_PROJECT_VERSION = 1;
				DEVELOPMENT_TEAM = W4R68936MK;
				GENERATE_INFOPLIST_FILE = YES;
				IPHONEOS_DEPLOYMENT_TARGET = 18.5;
				MARKETING_VERSION = 1.0;
				PRODUCT_BUNDLE_IDENTIFIER = cilla.WebViewUserAgentTestTests;
				PRODUCT_NAME = "$(TARGET_NAME)";
				SWIFT_EMIT_LOC_STRINGS = NO;
				SWIFT_VERSION = 5.0;
				TARGETED_DEVICE_FAMILY = "1,2";
				TEST_HOST = "$(BUILT_PRODUCTS_DIR)/WebViewUserAgentTest.app/$(BUNDLE_EXECUTABLE_FOLDER_PATH)/WebViewUserAgentTest";
			};
			name = Debug;
		};
		AAFAB0BC2F237F3900B78EA6 /* Release */ = {
			isa = XCBuildConfiguration;
			buildSettings = {
				BUNDLE_LOADER = "$(TEST_HOST)";
				CODE_SIGN_STYLE = Automatic;
				CURRENT_PROJECT_VERSION = 1;
				DEVELOPMENT_TEAM = W4R68936MK;
				GENERATE_INFOPLIST_FILE = YES;
				IPHONEOS_DEPLOYMENT_TARGET = 18.5;
				MARKETING_VERSION = 1.0;
				PRODUCT_BUNDLE_IDENTIFIER = cilla.WebViewUserAgentTestTests;
				PRODUCT_NAME = "$(TARGET_NAME)";
				SWIFT_EMIT_LOC_STRINGS = NO;
				SWIFT_VERSION = 5.0;
				TARGETED_DEVICE_FAMILY = "1,2";
				TEST_HOST = "$(BUILT_PRODUCTS_DIR)/WebViewUserAgentTest.app/$(BUNDLE_EXECUTABLE_FOLDER_PATH)/WebViewUserAgentTest";
			};
			name = Release;
		};
		AAFAB0BE2F237F3900B78EA6 /* Debug */ = {
			isa = XCBuildConfiguration;
			buildSettings = {
				CODE_SIGN_STYLE = Automatic;
				CURRENT_PROJECT_VERSION = 1;
				DEVELOPMENT_TEAM = W4R68936MK;
				GENERATE_INFOPLIST_FILE = YES;
				MARKETING_VERSION = 1.0;
				PRODUCT_BUNDLE_IDENTIFIER = cilla.WebViewUserAgentTestUITests;
				PRODUCT_NAME = "$(TARGET_NAME)";
				SWIFT_EMIT_LOC_STRINGS = NO;
				SWIFT_VERSION = 5.0;
				TARGETED_DEVICE_FAMILY = "1,2";
				TEST_TARGET_NAME = WebViewUserAgentTest;
			};
			name = Debug;
		};
		AAFAB0BF2F237F3900B78EA6 /* Release */ = {
			isa = XCBuildConfiguration;
			buildSettings = {
				CODE_SIGN_STYLE = Automatic;
				CURRENT_PROJECT_VERSION = 1;
				DEVELOPMENT_TEAM = W4R68936MK;
				GENERATE_INFOPLIST_FILE = YES;
				MARKETING_VERSION = 1.0;
				PRODUCT_BUNDLE_IDENTIFIER = cilla.WebViewUserAgentTestUITests;
				PRODUCT_NAME = "$(TARGET_NAME)";
				SWIFT_EMIT_LOC_STRINGS = NO;
				SWIFT_VERSION = 5.0;
				TARGETED_DEVICE_FAMILY = "1,2";
				TEST_TARGET_NAME = WebViewUserAgentTest;
			};
			name = Release;
		};
/* End XCBuildConfiguration section */

/* Begin XCConfigurationList section */
		AAFAB0912F237F3800B78EA6 /* Build configuration list for PBXProject "WebViewUserAgentTest" */ = {
			isa = XCConfigurationList;
			buildConfigurations = (
				AAFAB0B52F237F3900B78EA6 /* Debug */,
				AAFAB0B62F237F3900B78EA6 /* Release */,
			);
			defaultConfigurationIsVisible = 0;
			defaultConfigurationName = Release;
		};
		AAFAB0B72F237F3900B78EA6 /* Build configuration list for PBXNativeTarget "WebViewUserAgentTest" */ = {
			isa = XCConfigurationList;
			buildConfigurations = (
				AAFAB0B82F237F3900B78EA6 /* Debug */,
				AAFAB0B92F237F3900B78EA6 /* Release */,
			);
			defaultConfigurationIsVisible = 0;
			defaultConfigurationName = Release;
		};
		AAFAB0BA2F237F3900B78EA6 /* Build configuration list for PBXNativeTarget "WebViewUserAgentTestTests" */ = {
			isa = XCConfigurationList;
			buildConfigurations = (
				AAFAB0BB2F237F3900B78EA6 /* Debug */,
				AAFAB0BC2F237F3900B78EA6 /* Release */,
			);
			defaultConfigurationIsVisible = 0;
			defaultConfigurationName = Release;
		};
		AAFAB0BD2F237F3900B78EA6 /* Build configuration list for PBXNativeTarget "WebViewUserAgentTestUITests" */ = {
			isa = XCConfigurationList;
			buildConfigurations = (
				AAFAB0BE2F237F3900B78EA6 /* Debug */,
				AAFAB0BF2F237F3900B78EA6 /* Release */,
			);
			defaultConfigurationIsVisible = 0;
			defaultConfigurationName = Release;
		};
/* End XCConfigurationList section */
	};
	rootObject = AAFAB08E2F237F3800B78EA6 /* Project object */;
}
